
Microsoft Visual Studio Solution File, Format Version 12.00
# Visual Studio 15
VisualStudioVersion = 15.0.26730.8
MinimumVisualStudioVersion = 10.0.40219.1
Project("{8BC9CEB8-8B4A-11D0-8D11-00A0C91BC942}") = "rt", "ray-tracer.vcxproj", "{DD0D305A-0AEC-487E-9EE9-058CC7E34DDD}"
EndProject
Global
	GlobalSection(SolutionConfigurationPlatforms) = preSolution
		Debug|x64 = Debug|x64
		Debug|x86 = Debug|x86
		Release|x64 = Release|x64
		Release|x86 = Release|x86
	EndGlobalSection
	GlobalSection(ProjectConfigurationPlatforms) = postSolution
		{DD0D305A-0AEC-487E-9EE9-058CC7E34DDD}.Debug|x64.ActiveCfg = Debug|x64
		{DD0D305A-0AEC-487E-9EE9-058CC7E34DDD}.Debug|x64.Build.0 = Debug|x64
		{DD0D305A-0AEC-487E-9EE9-058CC7E34DDD}.Debug|x86.ActiveCfg = Debug|Win32
		{DD0D305A-0AEC-487E-9EE9-058CC7E34DDD}.Debug|x86.Build.0 = Debug|Win32
		{DD0D305A-0AEC-487E-9EE9-058CC7E34DDD}.Release|x64.ActiveCfg = Release|x64
		{DD0D305A-0AEC-487E-9EE9-058CC7E34DDD}.Release|x64.Build.0 = Release|x64
		{DD0D305A-0AEC-487E-9EE9-058CC7E34DDD}.Release|x86.ActiveCfg = Release|Win32
		{DD0D305A-0AEC-487E-9EE9-058CC7E34DDD}.Release|x86.Build.0 = Release|Win32
	EndGlobalSection
	GlobalSection(SolutionProperties) = preSolution
		HideSolutionNode = FALSE
	EndGlobalSection
	GlobalSection(ExtensibilityGlobals) = postSolution
		SolutionGuid = {CDDEE7B4-C7B9-4ED6-B276-3C377462C910}
	EndGlobalSection
EndGlobal
